
Microsoft Visual Studio Solution File, Format Version 12.00
# Visual Studio Version 17
VisualStudioVersion = 17.3.32811.315
MinimumVisualStudioVersion = 10.0.40219.1
Project("{8BC9CEB8-8B4A-11D0-8D11-00A0C91BC942}") = "HalloWelt", "HalloWelt\HalloWelt.vcxproj", "{00634580-DE81-4AD1-AF6A-06FD5C9EAF7F}"
EndProject
Global
	GlobalSection(SolutionConfigurationPlatforms) = preSolution
		Debug|x64 = Debug|x64
		Debug|x86 = Debug|x86
		Release|x64 = Release|x64
		Release|x86 = Release|x86
	EndGlobalSection
	GlobalSection(ProjectConfigurationPlatforms) = postSolution
		{00634580-DE81-4AD1-AF6A-06FD5C9EAF7F}.Debug|x64.ActiveCfg = Debug|x64
		{00634580-DE81-4AD1-AF6A-06FD5C9EAF7F}.Debug|x64.Build.0 = Debug|x64
		{00634580-DE81-4AD1-AF6A-06FD5C9EAF7F}.Debug|x86.ActiveCfg = Debug|Win32
		{00634580-DE81-4AD1-AF6A-06FD5C9EAF7F}.Debug|x86.Build.0 = Debug|Win32
		{00634580-DE81-4AD1-AF6A-06FD5C9EAF7F}.Release|x64.ActiveCfg = Release|x64
		{00634580-DE81-4AD1-AF6A-06FD5C9EAF7F}.Release|x64.Build.0 = Release|x64
		{00634580-DE81-4AD1-AF6A-06FD5C9EAF7F}.Release|x86.ActiveCfg = Release|Win32
		{00634580-DE81-4AD1-AF6A-06FD5C9EAF7F}.Release|x86.Build.0 = Release|Win32
	EndGlobalSection
	GlobalSection(SolutionProperties) = preSolution
		HideSolutionNode = FALSE
	EndGlobalSection
	GlobalSection(ExtensibilityGlobals) = postSolution
		SolutionGuid = {1BA0E277-9B56-4BB8-955B-7113A3AA8458}
	EndGlobalSection
EndGlobal
